// !$*UTF8*$!
{
	archiveVersion = 1;
	classes = {
	};
	objectVersion = 46;
	objects = {

/* Begin PBXBuildFile section */
		177D36471668E71A0022AE47 /* tableViewBg.png in Resources */ = {isa = PBXBuildFile; fileRef = 177D36461668E71A0022AE47 /* tableViewBg.png */; };
		17BA7E571668D6E50070D82F /* bg.png in Resources */ = {isa = PBXBuildFile; fileRef = 17BA7DEE1668D6E50070D82F /* bg.png */; };
		17BA7E581668D6E50070D82F /* bg@2x.png in Resources */ = {isa = PBXBuildFile; fileRef = 17BA7DEF1668D6E50070D82F /* bg@2x.png */; };
		17BA7E591668D6E50070D82F /* countBg.png in Resources */ = {isa = PBXBuildFile; fileRef = 17BA7DF01668D6E50070D82F /* countBg.png */; };
		17BA7E5A1668D6E50070D82F /* countBg@2x.png in Resources */ = {isa = PBXBuildFile; fileRef = 17BA7DF11668D6E50070D82F /* countBg@2x.png */; };
		17BA7E5B1668D6E50070D82F /* navBar.png in Resources */ = {isa = PBXBuildFile; fileRef = 17BA7DF31668D6E50070D82F /* navBar.png */; };
		17BA7E5C1668D6E50070D82F /* navBar@2x.png in Resources */ = {isa = PBXBuildFile; fileRef = 17BA7DF41668D6E50070D82F /* navBar@2x.png */; };
		17BA7E5D1668D6E50070D82F /* naviBg.png in Resources */ = {isa = PBXBuildFile; fileRef = 17BA7DF51668D6E50070D82F /* naviBg.png */; };
		17BA7E5E1668D6E50070D82F /* naviBg@2x.png in Resources */ = {isa = PBXBuildFile; fileRef = 17BA7DF61668D6E50070D82F /* naviBg@2x.png */; };
		17BA7E5F1668D6E50070D82F /* naviIcon.png in Resources */ = {isa = PBXBuildFile; fileRef = 17BA7DF71668D6E50070D82F /* naviIcon.png */; };
		17BA7E601668D6E50070D82F /* naviIcon@2x.png in Resources */ = {isa = PBXBuildFile; fileRef = 17BA7DF81668D6E50070D82F /* naviIcon@2x.png */; };
		17BA7E611668D6E50070D82F /* Are_you_ready.png in Resources */ = {isa = PBXBuildFile; fileRef = 17BA7DFB1668D6E50070D82F /* Are_you_ready.png */; };
		17BA7E621668D6E50070D82F /* Are_you_ready@2x.png in Resources */ = {isa = PBXBuildFile; fileRef = 17BA7DFC1668D6E50070D82F /* Are_you_ready@2x.png */; };
		17BA7E631668D6E50070D82F /* btn.png in Resources */ = {isa = PBXBuildFile; fileRef = 17BA7DFD1668D6E50070D82F /* btn.png */; };
		17BA7E641668D6E50070D82F /* btn@2x.png in Resources */ = {isa = PBXBuildFile; fileRef = 17BA7DFE1668D6E50070D82F /* btn@2x.png */; };
		17BA7E651668D6E50070D82F /* btn_hard.png in Resources */ = {isa = PBXBuildFile; fileRef = 17BA7DFF1668D6E50070D82F /* btn_hard.png */; };
		17BA7E661668D6E50070D82F /* btn_hard@2x.png in Resources */ = {isa = PBXBuildFile; fileRef = 17BA7E001668D6E50070D82F /* btn_hard@2x.png */; };
		17BA7E671668D6E50070D82F /* btn_ok.png in Resources */ = {isa = PBXBuildFile; fileRef = 17BA7E011668D6E50070D82F /* btn_ok.png */; };
		17BA7E681668D6E50070D82F /* btn_ok@2x.png in Resources */ = {isa = PBXBuildFile; fileRef = 17BA7E021668D6E50070D82F /* btn_ok@2x.png */; };
		17BA7E691668D6E50070D82F /* btn_start.png in Resources */ = {isa = PBXBuildFile; fileRef = 17BA7E031668D6E50070D82F /* btn_start.png */; };
		17BA7E6A1668D6E50070D82F /* btn_start@2x.png in Resources */ = {isa = PBXBuildFile; fileRef = 17BA7E041668D6E50070D82F /* btn_start@2x.png */; };
		17BA7E6B1668D6E50070D82F /* dia_bg.png in Resources */ = {isa = PBXBuildFile; fileRef = 17BA7E051668D6E50070D82F /* dia_bg.png */; };
		17BA7E6C1668D6E50070D82F /* dia_bg@2x.png in Resources */ = {isa = PBXBuildFile; fileRef = 17BA7E061668D6E50070D82F /* dia_bg@2x.png */; };
		17BA7E6D1668D6E50070D82F /* hard.png in Resources */ = {isa = PBXBuildFile; fileRef = 17BA7E071668D6E50070D82F /* hard.png */; };
		17BA7E6E1668D6E50070D82F /* hard@2x.png in Resources */ = {isa = PBXBuildFile; fileRef = 17BA7E081668D6E50070D82F /* hard@2x.png */; };
		17BA7E6F1668D6E50070D82F /* Is_this_ok.png in Resources */ = {isa = PBXBuildFile; fileRef = 17BA7E091668D6E50070D82F /* Is_this_ok.png */; };
		17BA7E701668D6E50070D82F /* Is_this_ok@2x.png in Resources */ = {isa = PBXBuildFile; fileRef = 17BA7E0A1668D6E50070D82F /* Is_this_ok@2x.png */; };
		17BA7E711668D6E50070D82F /* OK.png in Resources */ = {isa = PBXBuildFile; fileRef = 17BA7E0B1668D6E50070D82F /* OK.png */; };
		17BA7E721668D6E50070D82F /* OK@2x.png in Resources */ = {isa = PBXBuildFile; fileRef = 17BA7E0C1668D6E50070D82F /* OK@2x.png */; };
		17BA7E731668D6E50070D82F /* start.png in Resources */ = {isa = PBXBuildFile; fileRef = 17BA7E0D1668D6E50070D82F /* start.png */; };
		17BA7E741668D6E50070D82F /* start@2x.png in Resources */ = {isa = PBXBuildFile; fileRef = 17BA7E0E1668D6E50070D82F /* start@2x.png */; };
		17BA7E751668D6E50070D82F /* model1.png in Resources */ = {isa = PBXBuildFile; fileRef = 17BA7E0F1668D6E50070D82F /* model1.png */; };
		17BA7E761668D6E50070D82F /* model1@2x.png in Resources */ = {isa = PBXBuildFile; fileRef = 17BA7E101668D6E50070D82F /* model1@2x.png */; };
		17BA7E771668D6E50070D82F /* model2.png in Resources */ = {isa = PBXBuildFile; fileRef = 17BA7E111668D6E50070D82F /* model2.png */; };
		17BA7E781668D6E50070D82F /* model2@2x.png in Resources */ = {isa = PBXBuildFile; fileRef = 17BA7E121668D6E50070D82F /* model2@2x.png */; };
		17BA7E791668D6E50070D82F /* model3.png in Resources */ = {isa = PBXBuildFile; fileRef = 17BA7E131668D6E50070D82F /* model3.png */; };
		17BA7E7A1668D6E50070D82F /* model3@2x.png in Resources */ = {isa = PBXBuildFile; fileRef = 17BA7E141668D6E50070D82F /* model3@2x.png */; };
		17BA7E7B1668D6E50070D82F /* model4.png in Resources */ = {isa = PBXBuildFile; fileRef = 17BA7E151668D6E50070D82F /* model4.png */; };
		17BA7E7C1668D6E50070D82F /* model4@2x.png in Resources */ = {isa = PBXBuildFile; fileRef = 17BA7E161668D6E50070D82F /* model4@2x.png */; };
		17BA7E7D1668D6E50070D82F /* model5.png in Resources */ = {isa = PBXBuildFile; fileRef = 17BA7E171668D6E50070D82F /* model5.png */; };
		17BA7E7E1668D6E50070D82F /* model5@2x.png in Resources */ = {isa = PBXBuildFile; fileRef = 17BA7E181668D6E50070D82F /* model5@2x.png */; };
		17BA7E7F1668D6E50070D82F /* tableViewBg@2x.png in Resources */ = {isa = PBXBuildFile; fileRef = 17BA7E1A1668D6E50070D82F /* tableViewBg@2x.png */; };
		17BA7E801668D6E50070D82F /* tableViewItem.png in Resources */ = {isa = PBXBuildFile; fileRef = 17BA7E1B1668D6E50070D82F /* tableViewItem.png */; };
		17BA7E811668D6E50070D82F /* tableViewItem2.png in Resources */ = {isa = PBXBuildFile; fileRef = 17BA7E1C1668D6E50070D82F /* tableViewItem2.png */; };
		17BA7E821668D6E50070D82F /* tableViewItem2@2x.png in Resources */ = {isa = PBXBuildFile; fileRef = 17BA7E1D1668D6E50070D82F /* tableViewItem2@2x.png */; };
		17BA7E831668D6E50070D82F /* tableViewItem@2x.png in Resources */ = {isa = PBXBuildFile; fileRef = 17BA7E1E1668D6E50070D82F /* tableViewItem@2x.png */; };
		17BA7E841668D6E50070D82F /* tableViewTarget1.png in Resources */ = {isa = PBXBuildFile; fileRef = 17BA7E1F1668D6E50070D82F /* tableViewTarget1.png */; };
		17BA7E851668D6E50070D82F /* tableViewTarget1@2x.png in Resources */ = {isa = PBXBuildFile; fileRef = 17BA7E201668D6E50070D82F /* tableViewTarget1@2x.png */; };
		17BA7E861668D6E50070D82F /* tableViewTarget2.png in Resources */ = {isa = PBXBuildFile; fileRef = 17BA7E211668D6E50070D82F /* tableViewTarget2.png */; };
		17BA7E871668D6E50070D82F /* tableViewTarget2@2x.png in Resources */ = {isa = PBXBuildFile; fileRef = 17BA7E221668D6E50070D82F /* tableViewTarget2@2x.png */; };
		17BA7E891668D6E50070D82F /* Content3.png in Resources */ = {isa = PBXBuildFile; fileRef = 17BA7E251668D6E50070D82F /* Content3.png */; };
		17BA7E8A1668D6E50070D82F /* Content3@2x.png in Resources */ = {isa = PBXBuildFile; fileRef = 17BA7E261668D6E50070D82F /* Content3@2x.png */; };
		17BA7E8B1668D6E50070D82F /* clearBtn.png in Resources */ = {isa = PBXBuildFile; fileRef = 17BA7E281668D6E50070D82F /* clearBtn.png */; };
		17BA7E8C1668D6E50070D82F /* clearBtn@2x 2.png in Resources */ = {isa = PBXBuildFile; fileRef = 17BA7E291668D6E50070D82F /* clearBtn@2x 2.png */; };
		17BA7E8D1668D6E50070D82F /* clearBtn@2x.png in Resources */ = {isa = PBXBuildFile; fileRef = 17BA7E2A1668D6E50070D82F /* clearBtn@2x.png */; };
		17BA7E8E1668D6E50070D82F /* clearBtn_includeTxt.png in Resources */ = {isa = PBXBuildFile; fileRef = 17BA7E2B1668D6E50070D82F /* clearBtn_includeTxt.png */; };
		17BA7E8F1668D6E50070D82F /* clearBtn_includeTxt@2x 2.png in Resources */ = {isa = PBXBuildFile; fileRef = 17BA7E2C1668D6E50070D82F /* clearBtn_includeTxt@2x 2.png */; };
		17BA7E901668D6E50070D82F /* clearBtn_includeTxt@2x.png in Resources */ = {isa = PBXBuildFile; fileRef = 17BA7E2D1668D6E50070D82F /* clearBtn_includeTxt@2x.png */; };
		17BA7E911668D6E50070D82F /* none.png in Resources */ = {isa = PBXBuildFile; fileRef = 17BA7E301668D6E50070D82F /* none.png */; };
		17BA7E921668D6E50070D82F /* none@2x.png in Resources */ = {isa = PBXBuildFile; fileRef = 17BA7E311668D6E50070D82F /* none@2x.png */; };
		17BA7E931668D6E50070D82F /* switch_inside_1.png in Resources */ = {isa = PBXBuildFile; fileRef = 17BA7E321668D6E50070D82F /* switch_inside_1.png */; };
		17BA7E941668D6E50070D82F /* switch_inside_1@2x.png in Resources */ = {isa = PBXBuildFile; fileRef = 17BA7E331668D6E50070D82F /* switch_inside_1@2x.png */; };
		17BA7E951668D6E50070D82F /* switch_inside_2.png in Resources */ = {isa = PBXBuildFile; fileRef = 17BA7E341668D6E50070D82F /* switch_inside_2.png */; };
		17BA7E961668D6E50070D82F /* switch_inside_2@2x.png in Resources */ = {isa = PBXBuildFile; fileRef = 17BA7E351668D6E50070D82F /* switch_inside_2@2x.png */; };
		17BA7E971668D6E50070D82F /* switchButton.png in Resources */ = {isa = PBXBuildFile; fileRef = 17BA7E361668D6E50070D82F /* switchButton.png */; };
		17BA7E981668D6E50070D82F /* switchButton@2x.png in Resources */ = {isa = PBXBuildFile; fileRef = 17BA7E371668D6E50070D82F /* switchButton@2x.png */; };
		17BA7E991668D6E50070D82F /* switchOutside.png in Resources */ = {isa = PBXBuildFile; fileRef = 17BA7E381668D6E50070D82F /* switchOutside.png */; };
		17BA7E9A1668D6E50070D82F /* switchOutside@2x.png in Resources */ = {isa = PBXBuildFile; fileRef = 17BA7E391668D6E50070D82F /* switchOutside@2x.png */; };
		17BA7E9B1668D6E50070D82F /* yes.png in Resources */ = {isa = PBXBuildFile; fileRef = 17BA7E3A1668D6E50070D82F /* yes.png */; };
		17BA7E9C1668D6E50070D82F /* yes@2x.png in Resources */ = {isa = PBXBuildFile; fileRef = 17BA7E3B1668D6E50070D82F /* yes@2x.png */; };
		17BA7E9D1668D6E50070D82F /* switchUI_1.png in Resources */ = {isa = PBXBuildFile; fileRef = 17BA7E3C1668D6E50070D82F /* switchUI_1.png */; };
		17BA7E9E1668D6E50070D82F /* switchUI_1@2x.png in Resources */ = {isa = PBXBuildFile; fileRef = 17BA7E3D1668D6E50070D82F /* switchUI_1@2x.png */; };
		17BA7E9F1668D6E50070D82F /* switchUI_2.png in Resources */ = {isa = PBXBuildFile; fileRef = 17BA7E3E1668D6E50070D82F /* switchUI_2.png */; };
		17BA7EA01668D6E50070D82F /* switchUI_2@2x.png in Resources */ = {isa = PBXBuildFile; fileRef = 17BA7E3F1668D6E50070D82F /* switchUI_2@2x.png */; };
		17BA7EA11668D6E50070D82F /* b1.png in Resources */ = {isa = PBXBuildFile; fileRef = 17BA7E411668D6E50070D82F /* b1.png */; };
		17BA7EA21668D6E50070D82F /* b1@2x.png in Resources */ = {isa = PBXBuildFile; fileRef = 17BA7E421668D6E50070D82F /* b1@2x.png */; };
		17BA7EA31668D6E50070D82F /* b1_click.png in Resources */ = {isa = PBXBuildFile; fileRef = 17BA7E431668D6E50070D82F /* b1_click.png */; };
		17BA7EA41668D6E50070D82F /* b1_click@2x.png in Resources */ = {isa = PBXBuildFile; fileRef = 17BA7E441668D6E50070D82F /* b1_click@2x.png */; };
		17BA7EA51668D6E50070D82F /* b2.png in Resources */ = {isa = PBXBuildFile; fileRef = 17BA7E451668D6E50070D82F /* b2.png */; };
		17BA7EA61668D6E50070D82F /* b2@2x.png in Resources */ = {isa = PBXBuildFile; fileRef = 17BA7E461668D6E50070D82F /* b2@2x.png */; };
		17BA7EA71668D6E50070D82F /* b2_click.png in Resources */ = {isa = PBXBuildFile; fileRef = 17BA7E471668D6E50070D82F /* b2_click.png */; };
		17BA7EA81668D6E50070D82F /* b2_click@2x.png in Resources */ = {isa = PBXBuildFile; fileRef = 17BA7E481668D6E50070D82F /* b2_click@2x.png */; };
		17BA7EA91668D6E50070D82F /* b3.png in Resources */ = {isa = PBXBuildFile; fileRef = 17BA7E491668D6E50070D82F /* b3.png */; };
		17BA7EAA1668D6E50070D82F /* b3@2x.png in Resources */ = {isa = PBXBuildFile; fileRef = 17BA7E4A1668D6E50070D82F /* b3@2x.png */; };
		17BA7EAB1668D6E50070D82F /* b3_click.png in Resources */ = {isa = PBXBuildFile; fileRef = 17BA7E4B1668D6E50070D82F /* b3_click.png */; };
		17BA7EAC1668D6E50070D82F /* b3_click@2x.png in Resources */ = {isa = PBXBuildFile; fileRef = 17BA7E4C1668D6E50070D82F /* b3_click@2x.png */; };
		17BA7EAD1668D6E50070D82F /* b4.png in Resources */ = {isa = PBXBuildFile; fileRef = 17BA7E4D1668D6E50070D82F /* b4.png */; };
		17BA7EAE1668D6E50070D82F /* b4@2x.png in Resources */ = {isa = PBXBuildFile; fileRef = 17BA7E4E1668D6E50070D82F /* b4@2x.png */; };
		17BA7EAF1668D6E50070D82F /* b4_click.png in Resources */ = {isa = PBXBuildFile; fileRef = 17BA7E4F1668D6E50070D82F /* b4_click.png */; };
		17BA7EB01668D6E50070D82F /* b4_click@2x.png in Resources */ = {isa = PBXBuildFile; fileRef = 17BA7E501668D6E50070D82F /* b4_click@2x.png */; };
		17BA7EB11668D6E50070D82F /* blank.png in Resources */ = {isa = PBXBuildFile; fileRef = 17BA7E511668D6E50070D82F /* blank.png */; };
		17BA7EB21668D6E50070D82F /* blank@2x.png in Resources */ = {isa = PBXBuildFile; fileRef = 17BA7E521668D6E50070D82F /* blank@2x.png */; };
		17BA7EB31668D6E50070D82F /* overBg_156px_wid.png in Resources */ = {isa = PBXBuildFile; fileRef = 17BA7E531668D6E50070D82F /* overBg_156px_wid.png */; };
		17BA7EB41668D6E50070D82F /* overBg_156px_wid@2x.png in Resources */ = {isa = PBXBuildFile; fileRef = 17BA7E541668D6E50070D82F /* overBg_156px_wid@2x.png */; };
		17BA7EB51668D6E50070D82F /* tabBg.png in Resources */ = {isa = PBXBuildFile; fileRef = 17BA7E551668D6E50070D82F /* tabBg.png */; };
		17BA7EB61668D6E50070D82F /* tabBg@2x.png in Resources */ = {isa = PBXBuildFile; fileRef = 17BA7E561668D6E50070D82F /* tabBg@2x.png */; };
		17C39C2F1668AA0D0065B83B /* DonchManager.m in Sources */ = {isa = PBXBuildFile; fileRef = 17C39C2E1668AA0D0065B83B /* DonchManager.m */; };
		17C39C331668AA1D0065B83B /* Yoga.m in Sources */ = {isa = PBXBuildFile; fileRef = 17C39C321668AA1D0065B83B /* Yoga.m */; };
		17C39C451668ADBC0065B83B /* config.json in Resources */ = {isa = PBXBuildFile; fileRef = 17C39C441668ADBC0065B83B /* config.json */; };
		17C39C5C1668BF6A0065B83B /* DCCustomAlert.m in Sources */ = {isa = PBXBuildFile; fileRef = 17C39C5B1668BF6A0065B83B /* DCCustomAlert.m */; };
		DD9B40E0166891B300180646 /* UIKit.framework in Frameworks */ = {isa = PBXBuildFile; fileRef = DD9B40DF166891B300180646 /* UIKit.framework */; };
		DD9B40E2166891B300180646 /* Foundation.framework in Frameworks */ = {isa = PBXBuildFile; fileRef = DD9B40E1166891B300180646 /* Foundation.framework */; };
		DD9B40E4166891B300180646 /* CoreGraphics.framework in Frameworks */ = {isa = PBXBuildFile; fileRef = DD9B40E3166891B300180646 /* CoreGraphics.framework */; };
		DD9B40EA166891B300180646 /* InfoPlist.strings in Resources */ = {isa = PBXBuildFile; fileRef = DD9B40E8166891B300180646 /* InfoPlist.strings */; };
		DD9B40EC166891B300180646 /* main.m in Sources */ = {isa = PBXBuildFile; fileRef = DD9B40EB166891B300180646 /* main.m */; };
		DD9B40F0166891B300180646 /* AppDelegate.m in Sources */ = {isa = PBXBuildFile; fileRef = DD9B40EF166891B300180646 /* AppDelegate.m */; };
		DD9B40F2166891B300180646 /* Default.png in Resources */ = {isa = PBXBuildFile; fileRef = DD9B40F1166891B300180646 /* Default.png */; };
		DD9B40F4166891B300180646 /* Default@2x.png in Resources */ = {isa = PBXBuildFile; fileRef = DD9B40F3166891B300180646 /* Default@2x.png */; };
		DD9B40F6166891B300180646 /* Default-568h@2x.png in Resources */ = {isa = PBXBuildFile; fileRef = DD9B40F5166891B300180646 /* Default-568h@2x.png */; };
		DD9B40F9166891B300180646 /* MainStoryboard.storyboard in Resources */ = {isa = PBXBuildFile; fileRef = DD9B40F7166891B300180646 /* MainStoryboard.storyboard */; };
		DD9B41191668987F00180646 /* DCCustomNavBar.m in Sources */ = {isa = PBXBuildFile; fileRef = DD9B41181668987F00180646 /* DCCustomNavBar.m */; };
		DD9B41461668A1A400180646 /* DCHomeTabBarController.m in Sources */ = {isa = PBXBuildFile; fileRef = DD9B41451668A1A400180646 /* DCHomeTabBarController.m */; };
		DDC8AF681668B85000EFEC5F /* ExerciseViewController.m in Sources */ = {isa = PBXBuildFile; fileRef = DDC8AF671668B85000EFEC5F /* ExerciseViewController.m */; };
		DDC8AF6B1668B87A00EFEC5F /* GoalViewController.m in Sources */ = {isa = PBXBuildFile; fileRef = DDC8AF6A1668B87A00EFEC5F /* GoalViewController.m */; };
		DDC8AF6E1668B8CA00EFEC5F /* RecordViewController.m in Sources */ = {isa = PBXBuildFile; fileRef = DDC8AF6D1668B8CA00EFEC5F /* RecordViewController.m */; };
		DDC8AF711668B8D500EFEC5F /* SettingsViewController.m in Sources */ = {isa = PBXBuildFile; fileRef = DDC8AF701668B8D400EFEC5F /* SettingsViewController.m */; };
/* End PBXBuildFile section */

/* Begin PBXFileReference section */
		177D36461668E71A0022AE47 /* tableViewBg.png */ = {isa = PBXFileReference; lastKnownFileType = image.png; path = tableViewBg.png; sourceTree = "<group>"; };
		17BA7DEE1668D6E50070D82F /* bg.png */ = {isa = PBXFileReference; lastKnownFileType = image.png; path = bg.png; sourceTree = "<group>"; };
		17BA7DEF1668D6E50070D82F /* bg@2x.png */ = {isa = PBXFileReference; lastKnownFileType = image.png; path = "bg@2x.png"; sourceTree = "<group>"; };
		17BA7DF01668D6E50070D82F /* countBg.png */ = {isa = PBXFileReference; lastKnownFileType = image.png; path = countBg.png; sourceTree = "<group>"; };
		17BA7DF11668D6E50070D82F /* countBg@2x.png */ = {isa = PBXFileReference; lastKnownFileType = image.png; path = "countBg@2x.png"; sourceTree = "<group>"; };
		17BA7DF31668D6E50070D82F /* navBar.png */ = {isa = PBXFileReference; lastKnownFileType = image.png; path = navBar.png; sourceTree = "<group>"; };
		17BA7DF41668D6E50070D82F /* navBar@2x.png */ = {isa = PBXFileReference; lastKnownFileType = image.png; path = "navBar@2x.png"; sourceTree = "<group>"; };
		17BA7DF51668D6E50070D82F /* naviBg.png */ = {isa = PBXFileReference; lastKnownFileType = image.png; path = naviBg.png; sourceTree = "<group>"; };
		17BA7DF61668D6E50070D82F /* naviBg@2x.png */ = {isa = PBXFileReference; lastKnownFileType = image.png; path = "naviBg@2x.png"; sourceTree = "<group>"; };
		17BA7DF71668D6E50070D82F /* naviIcon.png */ = {isa = PBXFileReference; lastKnownFileType = image.png; path = naviIcon.png; sourceTree = "<group>"; };
		17BA7DF81668D6E50070D82F /* naviIcon@2x.png */ = {isa = PBXFileReference; lastKnownFileType = image.png; path = "naviIcon@2x.png"; sourceTree = "<group>"; };
		17BA7DFB1668D6E50070D82F /* Are_you_ready.png */ = {isa = PBXFileReference; lastKnownFileType = image.png; path = Are_you_ready.png; sourceTree = "<group>"; };
		17BA7DFC1668D6E50070D82F /* Are_you_ready@2x.png */ = {isa = PBXFileReference; lastKnownFileType = image.png; path = "Are_you_ready@2x.png"; sourceTree = "<group>"; };
		17BA7DFD1668D6E50070D82F /* btn.png */ = {isa = PBXFileReference; lastKnownFileType = image.png; path = btn.png; sourceTree = "<group>"; };
		17BA7DFE1668D6E50070D82F /* btn@2x.png */ = {isa = PBXFileReference; lastKnownFileType = image.png; path = "btn@2x.png"; sourceTree = "<group>"; };
		17BA7DFF1668D6E50070D82F /* btn_hard.png */ = {isa = PBXFileReference; lastKnownFileType = image.png; path = btn_hard.png; sourceTree = "<group>"; };
		17BA7E001668D6E50070D82F /* btn_hard@2x.png */ = {isa = PBXFileReference; lastKnownFileType = image.png; path = "btn_hard@2x.png"; sourceTree = "<group>"; };
		17BA7E011668D6E50070D82F /* btn_ok.png */ = {isa = PBXFileReference; lastKnownFileType = image.png; path = btn_ok.png; sourceTree = "<group>"; };
		17BA7E021668D6E50070D82F /* btn_ok@2x.png */ = {isa = PBXFileReference; lastKnownFileType = image.png; path = "btn_ok@2x.png"; sourceTree = "<group>"; };
		17BA7E031668D6E50070D82F /* btn_start.png */ = {isa = PBXFileReference; lastKnownFileType = image.png; path = btn_start.png; sourceTree = "<group>"; };
		17BA7E041668D6E50070D82F /* btn_start@2x.png */ = {isa = PBXFileReference; lastKnownFileType = image.png; path = "btn_start@2x.png"; sourceTree = "<group>"; };
		17BA7E051668D6E50070D82F /* dia_bg.png */ = {isa = PBXFileReference; lastKnownFileType = image.png; path = dia_bg.png; sourceTree = "<group>"; };
		17BA7E061668D6E50070D82F /* dia_bg@2x.png */ = {isa = PBXFileReference; lastKnownFileType = image.png; path = "dia_bg@2x.png"; sourceTree = "<group>"; };
		17BA7E071668D6E50070D82F /* hard.png */ = {isa = PBXFileReference; lastKnownFileType = image.png; path = hard.png; sourceTree = "<group>"; };
		17BA7E081668D6E50070D82F /* hard@2x.png */ = {isa = PBXFileReference; lastKnownFileType = image.png; path = "hard@2x.png"; sourceTree = "<group>"; };
		17BA7E091668D6E50070D82F /* Is_this_ok.png */ = {isa = PBXFileReference; lastKnownFileType = image.png; path = Is_this_ok.png; sourceTree = "<group>"; };
		17BA7E0A1668D6E50070D82F /* Is_this_ok@2x.png */ = {isa = PBXFileReference; lastKnownFileType = image.png; path = "Is_this_ok@2x.png"; sourceTree = "<group>"; };
		17BA7E0B1668D6E50070D82F /* OK.png */ = {isa = PBXFileReference; lastKnownFileType = image.png; path = OK.png; sourceTree = "<group>"; };
		17BA7E0C1668D6E50070D82F /* OK@2x.png */ = {isa = PBXFileReference; lastKnownFileType = image.png; path = "OK@2x.png"; sourceTree = "<group>"; };
		17BA7E0D1668D6E50070D82F /* start.png */ = {isa = PBXFileReference; lastKnownFileType = image.png; path = start.png; sourceTree = "<group>"; };
		17BA7E0E1668D6E50070D82F /* start@2x.png */ = {isa = PBXFileReference; lastKnownFileType = image.png; path = "start@2x.png"; sourceTree = "<group>"; };
		17BA7E0F1668D6E50070D82F /* model1.png */ = {isa = PBXFileReference; lastKnownFileType = image.png; path = model1.png; sourceTree = "<group>"; };
		17BA7E101668D6E50070D82F /* model1@2x.png */ = {isa = PBXFileReference; lastKnownFileType = image.png; path = "model1@2x.png"; sourceTree = "<group>"; };
		17BA7E111668D6E50070D82F /* model2.png */ = {isa = PBXFileReference; lastKnownFileType = image.png; path = model2.png; sourceTree = "<group>"; };
		17BA7E121668D6E50070D82F /* model2@2x.png */ = {isa = PBXFileReference; lastKnownFileType = image.png; path = "model2@2x.png"; sourceTree = "<group>"; };
		17BA7E131668D6E50070D82F /* model3.png */ = {isa = PBXFileReference; lastKnownFileType = image.png; path = model3.png; sourceTree = "<group>"; };
		17BA7E141668D6E50070D82F /* model3@2x.png */ = {isa = PBXFileReference; lastKnownFileType = image.png; path = "model3@2x.png"; sourceTree = "<group>"; };
		17BA7E151668D6E50070D82F /* model4.png */ = {isa = PBXFileReference; lastKnownFileType = image.png; path = model4.png; sourceTree = "<group>"; };
		17BA7E161668D6E50070D82F /* model4@2x.png */ = {isa = PBXFileReference; lastKnownFileType = image.png; path = "model4@2x.png"; sourceTree = "<group>"; };
		17BA7E171668D6E50070D82F /* model5.png */ = {isa = PBXFileReference; lastKnownFileType = image.png; path = model5.png; sourceTree = "<group>"; };
		17BA7E181668D6E50070D82F /* model5@2x.png */ = {isa = PBXFileReference; lastKnownFileType = image.png; path = "model5@2x.png"; sourceTree = "<group>"; };
		17BA7E1A1668D6E50070D82F /* tableViewBg@2x.png */ = {isa = PBXFileReference; lastKnownFileType = image.png; path = "tableViewBg@2x.png"; sourceTree = "<group>"; };
		17BA7E1B1668D6E50070D82F /* tableViewItem.png */ = {isa = PBXFileReference; lastKnownFileType = image.png; path = tableViewItem.png; sourceTree = "<group>"; };
		17BA7E1C1668D6E50070D82F /* tableViewItem2.png */ = {isa = PBXFileReference; lastKnownFileType = image.png; path = tableViewItem2.png; sourceTree = "<group>"; };
		17BA7E1D1668D6E50070D82F /* tableViewItem2@2x.png */ = {isa = PBXFileReference; lastKnownFileType = image.png; path = "tableViewItem2@2x.png"; sourceTree = "<group>"; };
		17BA7E1E1668D6E50070D82F /* tableViewItem@2x.png */ = {isa = PBXFileReference; lastKnownFileType = image.png; path = "tableViewItem@2x.png"; sourceTree = "<group>"; };
		17BA7E1F1668D6E50070D82F /* tableViewTarget1.png */ = {isa = PBXFileReference; lastKnownFileType = image.png; path = tableViewTarget1.png; sourceTree = "<group>"; };
		17BA7E201668D6E50070D82F /* tableViewTarget1@2x.png */ = {isa = PBXFileReference; lastKnownFileType = image.png; path = "tableViewTarget1@2x.png"; sourceTree = "<group>"; };
		17BA7E211668D6E50070D82F /* tableViewTarget2.png */ = {isa = PBXFileReference; lastKnownFileType = image.png; path = tableViewTarget2.png; sourceTree = "<group>"; };
		17BA7E221668D6E50070D82F /* tableViewTarget2@2x.png */ = {isa = PBXFileReference; lastKnownFileType = image.png; path = "tableViewTarget2@2x.png"; sourceTree = "<group>"; };
		17BA7E251668D6E50070D82F /* Content3.png */ = {isa = PBXFileReference; lastKnownFileType = image.png; path = Content3.png; sourceTree = "<group>"; };
		17BA7E261668D6E50070D82F /* Content3@2x.png */ = {isa = PBXFileReference; lastKnownFileType = image.png; path = "Content3@2x.png"; sourceTree = "<group>"; };
		17BA7E281668D6E50070D82F /* clearBtn.png */ = {isa = PBXFileReference; lastKnownFileType = image.png; path = clearBtn.png; sourceTree = "<group>"; };
		17BA7E291668D6E50070D82F /* clearBtn@2x 2.png */ = {isa = PBXFileReference; lastKnownFileType = image.png; path = "clearBtn@2x 2.png"; sourceTree = "<group>"; };
		17BA7E2A1668D6E50070D82F /* clearBtn@2x.png */ = {isa = PBXFileReference; lastKnownFileType = image.png; path = "clearBtn@2x.png"; sourceTree = "<group>"; };
		17BA7E2B1668D6E50070D82F /* clearBtn_includeTxt.png */ = {isa = PBXFileReference; lastKnownFileType = image.png; path = clearBtn_includeTxt.png; sourceTree = "<group>"; };
		17BA7E2C1668D6E50070D82F /* clearBtn_includeTxt@2x 2.png */ = {isa = PBXFileReference; lastKnownFileType = image.png; path = "clearBtn_includeTxt@2x 2.png"; sourceTree = "<group>"; };
		17BA7E2D1668D6E50070D82F /* clearBtn_includeTxt@2x.png */ = {isa = PBXFileReference; lastKnownFileType = image.png; path = "clearBtn_includeTxt@2x.png"; sourceTree = "<group>"; };
		17BA7E301668D6E50070D82F /* none.png */ = {isa = PBXFileReference; lastKnownFileType = image.png; path = none.png; sourceTree = "<group>"; };
		17BA7E311668D6E50070D82F /* none@2x.png */ = {isa = PBXFileReference; lastKnownFileType = image.png; path = "none@2x.png"; sourceTree = "<group>"; };
		17BA7E321668D6E50070D82F /* switch_inside_1.png */ = {isa = PBXFileReference; lastKnownFileType = image.png; path = switch_inside_1.png; sourceTree = "<group>"; };
		17BA7E331668D6E50070D82F /* switch_inside_1@2x.png */ = {isa = PBXFileReference; lastKnownFileType = image.png; path = "switch_inside_1@2x.png"; sourceTree = "<group>"; };
		17BA7E341668D6E50070D82F /* switch_inside_2.png */ = {isa = PBXFileReference; lastKnownFileType = image.png; path = switch_inside_2.png; sourceTree = "<group>"; };
		17BA7E351668D6E50070D82F /* switch_inside_2@2x.png */ = {isa = PBXFileReference; lastKnownFileType = image.png; path = "switch_inside_2@2x.png"; sourceTree = "<group>"; };
		17BA7E361668D6E50070D82F /* switchButton.png */ = {isa = PBXFileReference; lastKnownFileType = image.png; path = switchButton.png; sourceTree = "<group>"; };
		17BA7E371668D6E50070D82F /* switchButton@2x.png */ = {isa = PBXFileReference; lastKnownFileType = image.png; path = "switchButton@2x.png"; sourceTree = "<group>"; };
		17BA7E381668D6E50070D82F /* switchOutside.png */ = {isa = PBXFileReference; lastKnownFileType = image.png; path = switchOutside.png; sourceTree = "<group>"; };
		17BA7E391668D6E50070D82F /* switchOutside@2x.png */ = {isa = PBXFileReference; lastKnownFileType = image.png; path = "switchOutside@2x.png"; sourceTree = "<group>"; };
		17BA7E3A1668D6E50070D82F /* yes.png */ = {isa = PBXFileReference; lastKnownFileType = image.png; path = yes.png; sourceTree = "<group>"; };
		17BA7E3B1668D6E50070D82F /* yes@2x.png */ = {isa = PBXFileReference; lastKnownFileType = image.png; path = "yes@2x.png"; sourceTree = "<group>"; };
		17BA7E3C1668D6E50070D82F /* switchUI_1.png */ = {isa = PBXFileReference; lastKnownFileType = image.png; path = switchUI_1.png; sourceTree = "<group>"; };
		17BA7E3D1668D6E50070D82F /* switchUI_1@2x.png */ = {isa = PBXFileReference; lastKnownFileType = image.png; path = "switchUI_1@2x.png"; sourceTree = "<group>"; };
		17BA7E3E1668D6E50070D82F /* switchUI_2.png */ = {isa = PBXFileReference; lastKnownFileType = image.png; path = switchUI_2.png; sourceTree = "<group>"; };
		17BA7E3F1668D6E50070D82F /* switchUI_2@2x.png */ = {isa = PBXFileReference; lastKnownFileType = image.png; path = "switchUI_2@2x.png"; sourceTree = "<group>"; };
		17BA7E411668D6E50070D82F /* b1.png */ = {isa = PBXFileReference; lastKnownFileType = image.png; path = b1.png; sourceTree = "<group>"; };
		17BA7E421668D6E50070D82F /* b1@2x.png */ = {isa = PBXFileReference; lastKnownFileType = image.png; path = "b1@2x.png"; sourceTree = "<group>"; };
		17BA7E431668D6E50070D82F /* b1_click.png */ = {isa = PBXFileReference; lastKnownFileType = image.png; path = b1_click.png; sourceTree = "<group>"; };
		17BA7E441668D6E50070D82F /* b1_click@2x.png */ = {isa = PBXFileReference; lastKnownFileType = image.png; path = "b1_click@2x.png"; sourceTree = "<group>"; };
		17BA7E451668D6E50070D82F /* b2.png */ = {isa = PBXFileReference; lastKnownFileType = image.png; path = b2.png; sourceTree = "<group>"; };
		17BA7E461668D6E50070D82F /* b2@2x.png */ = {isa = PBXFileReference; lastKnownFileType = image.png; path = "b2@2x.png"; sourceTree = "<group>"; };
		17BA7E471668D6E50070D82F /* b2_click.png */ = {isa = PBXFileReference; lastKnownFileType = image.png; path = b2_click.png; sourceTree = "<group>"; };
		17BA7E481668D6E50070D82F /* b2_click@2x.png */ = {isa = PBXFileReference; lastKnownFileType = image.png; path = "b2_click@2x.png"; sourceTree = "<group>"; };
		17BA7E491668D6E50070D82F /* b3.png */ = {isa = PBXFileReference; lastKnownFileType = image.png; path = b3.png; sourceTree = "<group>"; };
		17BA7E4A1668D6E50070D82F /* b3@2x.png */ = {isa = PBXFileReference; lastKnownFileType = image.png; path = "b3@2x.png"; sourceTree = "<group>"; };
		17BA7E4B1668D6E50070D82F /* b3_click.png */ = {isa = PBXFileReference; lastKnownFileType = image.png; path = b3_click.png; sourceTree = "<group>"; };
		17BA7E4C1668D6E50070D82F /* b3_click@2x.png */ = {isa = PBXFileReference; lastKnownFileType = image.png; path = "b3_click@2x.png"; sourceTree = "<group>"; };
		17BA7E4D1668D6E50070D82F /* b4.png */ = {isa = PBXFileReference; lastKnownFileType = image.png; path = b4.png; sourceTree = "<group>"; };
		17BA7E4E1668D6E50070D82F /* b4@2x.png */ = {isa = PBXFileReference; lastKnownFileType = image.png; path = "b4@2x.png"; sourceTree = "<group>"; };
		17BA7E4F1668D6E50070D82F /* b4_click.png */ = {isa = PBXFileReference; lastKnownFileType = image.png; path = b4_click.png; sourceTree = "<group>"; };
		17BA7E501668D6E50070D82F /* b4_click@2x.png */ = {isa = PBXFileReference; lastKnownFileType = image.png; path = "b4_click@2x.png"; sourceTree = "<group>"; };
		17BA7E511668D6E50070D82F /* blank.png */ = {isa = PBXFileReference; lastKnownFileType = image.png; path = blank.png; sourceTree = "<group>"; };
		17BA7E521668D6E50070D82F /* blank@2x.png */ = {isa = PBXFileReference; lastKnownFileType = image.png; path = "blank@2x.png"; sourceTree = "<group>"; };
		17BA7E531668D6E50070D82F /* overBg_156px_wid.png */ = {isa = PBXFileReference; lastKnownFileType = image.png; path = overBg_156px_wid.png; sourceTree = "<group>"; };
		17BA7E541668D6E50070D82F /* overBg_156px_wid@2x.png */ = {isa = PBXFileReference; lastKnownFileType = image.png; path = "overBg_156px_wid@2x.png"; sourceTree = "<group>"; };
		17BA7E551668D6E50070D82F /* tabBg.png */ = {isa = PBXFileReference; lastKnownFileType = image.png; path = tabBg.png; sourceTree = "<group>"; };
		17BA7E561668D6E50070D82F /* tabBg@2x.png */ = {isa = PBXFileReference; lastKnownFileType = image.png; path = "tabBg@2x.png"; sourceTree = "<group>"; };
		17C39C2D1668AA0D0065B83B /* DonchManager.h */ = {isa = PBXFileReference; fileEncoding = 4; lastKnownFileType = sourcecode.c.h; path = DonchManager.h; sourceTree = "<group>"; };
		17C39C2E1668AA0D0065B83B /* DonchManager.m */ = {isa = PBXFileReference; fileEncoding = 4; lastKnownFileType = sourcecode.c.objc; path = DonchManager.m; sourceTree = "<group>"; };
		17C39C311668AA1D0065B83B /* Yoga.h */ = {isa = PBXFileReference; fileEncoding = 4; lastKnownFileType = sourcecode.c.h; path = Yoga.h; sourceTree = "<group>"; };
		17C39C321668AA1D0065B83B /* Yoga.m */ = {isa = PBXFileReference; fileEncoding = 4; lastKnownFileType = sourcecode.c.objc; path = Yoga.m; sourceTree = "<group>"; };
		17C39C441668ADBC0065B83B /* config.json */ = {isa = PBXFileReference; fileEncoding = 4; lastKnownFileType = text.json; path = config.json; sourceTree = "<group>"; };
		17C39C5A1668BF6A0065B83B /* DCCustomAlert.h */ = {isa = PBXFileReference; fileEncoding = 4; lastKnownFileType = sourcecode.c.h; path = DCCustomAlert.h; sourceTree = "<group>"; };
		17C39C5B1668BF6A0065B83B /* DCCustomAlert.m */ = {isa = PBXFileReference; fileEncoding = 4; lastKnownFileType = sourcecode.c.objc; path = DCCustomAlert.m; sourceTree = "<group>"; };
		DD9B40DB166891B300180646 /* Donch.app */ = {isa = PBXFileReference; explicitFileType = wrapper.application; includeInIndex = 0; path = Donch.app; sourceTree = BUILT_PRODUCTS_DIR; };
		DD9B40DF166891B300180646 /* UIKit.framework */ = {isa = PBXFileReference; lastKnownFileType = wrapper.framework; name = UIKit.framework; path = System/Library/Frameworks/UIKit.framework; sourceTree = SDKROOT; };
		DD9B40E1166891B300180646 /* Foundation.framework */ = {isa = PBXFileReference; lastKnownFileType = wrapper.framework; name = Foundation.framework; path = System/Library/Frameworks/Foundation.framework; sourceTree = SDKROOT; };
		DD9B40E3166891B300180646 /* CoreGraphics.framework */ = {isa = PBXFileReference; lastKnownFileType = wrapper.framework; name = CoreGraphics.framework; path = System/Library/Frameworks/CoreGraphics.framework; sourceTree = SDKROOT; };
		DD9B40E7166891B300180646 /* Donch-Info.plist */ = {isa = PBXFileReference; lastKnownFileType = text.plist.xml; path = "Donch-Info.plist"; sourceTree = "<group>"; };
		DD9B40E9166891B300180646 /* en */ = {isa = PBXFileReference; lastKnownFileType = text.plist.strings; name = en; path = en.lproj/InfoPlist.strings; sourceTree = "<group>"; };
		DD9B40EB166891B300180646 /* main.m */ = {isa = PBXFileReference; lastKnownFileType = sourcecode.c.objc; path = main.m; sourceTree = "<group>"; };
		DD9B40ED166891B300180646 /* Donch-Prefix.pch */ = {isa = PBXFileReference; lastKnownFileType = sourcecode.c.h; path = "Donch-Prefix.pch"; sourceTree = "<group>"; };
		DD9B40EE166891B300180646 /* AppDelegate.h */ = {isa = PBXFileReference; lastKnownFileType = sourcecode.c.h; path = AppDelegate.h; sourceTree = "<group>"; };
		DD9B40EF166891B300180646 /* AppDelegate.m */ = {isa = PBXFileReference; lastKnownFileType = sourcecode.c.objc; path = AppDelegate.m; sourceTree = "<group>"; };
		DD9B40F1166891B300180646 /* Default.png */ = {isa = PBXFileReference; lastKnownFileType = image.png; path = Default.png; sourceTree = "<group>"; };
		DD9B40F3166891B300180646 /* Default@2x.png */ = {isa = PBXFileReference; lastKnownFileType = image.png; path = "Default@2x.png"; sourceTree = "<group>"; };
		DD9B40F5166891B300180646 /* Default-568h@2x.png */ = {isa = PBXFileReference; lastKnownFileType = image.png; path = "Default-568h@2x.png"; sourceTree = "<group>"; };
		DD9B40F8166891B300180646 /* en */ = {isa = PBXFileReference; lastKnownFileType = file.storyboard; name = en; path = en.lproj/MainStoryboard.storyboard; sourceTree = "<group>"; };
		DD9B41171668987F00180646 /* DCCustomNavBar.h */ = {isa = PBXFileReference; fileEncoding = 4; lastKnownFileType = sourcecode.c.h; path = DCCustomNavBar.h; sourceTree = "<group>"; };
		DD9B41181668987F00180646 /* DCCustomNavBar.m */ = {isa = PBXFileReference; fileEncoding = 4; lastKnownFileType = sourcecode.c.objc; path = DCCustomNavBar.m; sourceTree = "<group>"; };
		DD9B41441668A1A400180646 /* DCHomeTabBarController.h */ = {isa = PBXFileReference; fileEncoding = 4; lastKnownFileType = sourcecode.c.h; path = DCHomeTabBarController.h; sourceTree = "<group>"; };
		DD9B41451668A1A400180646 /* DCHomeTabBarController.m */ = {isa = PBXFileReference; fileEncoding = 4; lastKnownFileType = sourcecode.c.objc; path = DCHomeTabBarController.m; sourceTree = "<group>"; };
		DDC8AF661668B85000EFEC5F /* ExerciseViewController.h */ = {isa = PBXFileReference; fileEncoding = 4; lastKnownFileType = sourcecode.c.h; path = ExerciseViewController.h; sourceTree = "<group>"; };
		DDC8AF671668B85000EFEC5F /* ExerciseViewController.m */ = {isa = PBXFileReference; fileEncoding = 4; lastKnownFileType = sourcecode.c.objc; path = ExerciseViewController.m; sourceTree = "<group>"; };
		DDC8AF691668B87A00EFEC5F /* GoalViewController.h */ = {isa = PBXFileReference; fileEncoding = 4; lastKnownFileType = sourcecode.c.h; path = GoalViewController.h; sourceTree = "<group>"; };
		DDC8AF6A1668B87A00EFEC5F /* GoalViewController.m */ = {isa = PBXFileReference; fileEncoding = 4; lastKnownFileType = sourcecode.c.objc; path = GoalViewController.m; sourceTree = "<group>"; };
		DDC8AF6C1668B8CA00EFEC5F /* RecordViewController.h */ = {isa = PBXFileReference; fileEncoding = 4; lastKnownFileType = sourcecode.c.h; path = RecordViewController.h; sourceTree = "<group>"; };
		DDC8AF6D1668B8CA00EFEC5F /* RecordViewController.m */ = {isa = PBXFileReference; fileEncoding = 4; lastKnownFileType = sourcecode.c.objc; path = RecordViewController.m; sourceTree = "<group>"; };
		DDC8AF6F1668B8D400EFEC5F /* SettingsViewController.h */ = {isa = PBXFileReference; fileEncoding = 4; lastKnownFileType = sourcecode.c.h; path = SettingsViewController.h; sourceTree = "<group>"; };
		DDC8AF701668B8D400EFEC5F /* SettingsViewController.m */ = {isa = PBXFileReference; fileEncoding = 4; lastKnownFileType = sourcecode.c.objc; path = SettingsViewController.m; sourceTree = "<group>"; };
/* End PBXFileReference section */

/* Begin PBXFrameworksBuildPhase section */
		DD9B40D8166891B300180646 /* Frameworks */ = {
			isa = PBXFrameworksBuildPhase;
			buildActionMask = 2147483647;
			files = (
				DD9B40E0166891B300180646 /* UIKit.framework in Frameworks */,
				DD9B40E2166891B300180646 /* Foundation.framework in Frameworks */,
				DD9B40E4166891B300180646 /* CoreGraphics.framework in Frameworks */,
			);
			runOnlyForDeploymentPostprocessing = 0;
		};
/* End PBXFrameworksBuildPhase section */

/* Begin PBXGroup section */
		17BA7DED1668D6E50070D82F /* Art */ = {
			isa = PBXGroup;
			children = (
				17BA7DEE1668D6E50070D82F /* bg.png */,
				17BA7DEF1668D6E50070D82F /* bg@2x.png */,
				17BA7DF01668D6E50070D82F /* countBg.png */,
				17BA7DF11668D6E50070D82F /* countBg@2x.png */,
				17BA7E401668D6E50070D82F /* TabBar */,
				17BA7DF21668D6E50070D82F /* NavBar */,
				17BA7DF91668D6E50070D82F /* p1_models_paper */,
				17BA7E191668D6E50070D82F /* p2_tableView */,
				17BA7E241668D6E50070D82F /* p3_fakePic */,
				17BA7E271668D6E50070D82F /* p4_ui */,
			);
			path = Art;
			sourceTree = "<group>";
		};
		17BA7DF21668D6E50070D82F /* NavBar */ = {
			isa = PBXGroup;
			children = (
				17BA7DF31668D6E50070D82F /* navBar.png */,
				17BA7DF41668D6E50070D82F /* navBar@2x.png */,
				17BA7DF51668D6E50070D82F /* naviBg.png */,
				17BA7DF61668D6E50070D82F /* naviBg@2x.png */,
				17BA7DF71668D6E50070D82F /* naviIcon.png */,
				17BA7DF81668D6E50070D82F /* naviIcon@2x.png */,
			);
			name = NavBar;
			path = navBar;
			sourceTree = "<group>";
		};
		17BA7DF91668D6E50070D82F /* p1_models_paper */ = {
			isa = PBXGroup;
			children = (
				17BA7DFA1668D6E50070D82F /* dia */,
				17BA7E0F1668D6E50070D82F /* model1.png */,
				17BA7E101668D6E50070D82F /* model1@2x.png */,
				17BA7E111668D6E50070D82F /* model2.png */,
				17BA7E121668D6E50070D82F /* model2@2x.png */,
				17BA7E131668D6E50070D82F /* model3.png */,
				17BA7E141668D6E50070D82F /* model3@2x.png */,
				17BA7E151668D6E50070D82F /* model4.png */,
				17BA7E161668D6E50070D82F /* model4@2x.png */,
				17BA7E171668D6E50070D82F /* model5.png */,
				17BA7E181668D6E50070D82F /* model5@2x.png */,
			);
			path = p1_models_paper;
			sourceTree = "<group>";
		};
		17BA7DFA1668D6E50070D82F /* dia */ = {
			isa = PBXGroup;
			children = (
				17BA7DFB1668D6E50070D82F /* Are_you_ready.png */,
				17BA7DFC1668D6E50070D82F /* Are_you_ready@2x.png */,
				17BA7DFD1668D6E50070D82F /* btn.png */,
				17BA7DFE1668D6E50070D82F /* btn@2x.png */,
				17BA7DFF1668D6E50070D82F /* btn_hard.png */,
				17BA7E001668D6E50070D82F /* btn_hard@2x.png */,
				17BA7E011668D6E50070D82F /* btn_ok.png */,
				17BA7E021668D6E50070D82F /* btn_ok@2x.png */,
				17BA7E031668D6E50070D82F /* btn_start.png */,
				17BA7E041668D6E50070D82F /* btn_start@2x.png */,
				17BA7E051668D6E50070D82F /* dia_bg.png */,
				17BA7E061668D6E50070D82F /* dia_bg@2x.png */,
				17BA7E071668D6E50070D82F /* hard.png */,
				17BA7E081668D6E50070D82F /* hard@2x.png */,
				17BA7E091668D6E50070D82F /* Is_this_ok.png */,
				17BA7E0A1668D6E50070D82F /* Is_this_ok@2x.png */,
				17BA7E0B1668D6E50070D82F /* OK.png */,
				17BA7E0C1668D6E50070D82F /* OK@2x.png */,
				17BA7E0D1668D6E50070D82F /* start.png */,
				17BA7E0E1668D6E50070D82F /* start@2x.png */,
			);
			path = dia;
			sourceTree = "<group>";
		};
		17BA7E191668D6E50070D82F /* p2_tableView */ = {
			isa = PBXGroup;
			children = (
				177D36461668E71A0022AE47 /* tableViewBg.png */,
				17BA7E1A1668D6E50070D82F /* tableViewBg@2x.png */,
				17BA7E1B1668D6E50070D82F /* tableViewItem.png */,
				17BA7E1C1668D6E50070D82F /* tableViewItem2.png */,
				17BA7E1D1668D6E50070D82F /* tableViewItem2@2x.png */,
				17BA7E1E1668D6E50070D82F /* tableViewItem@2x.png */,
				17BA7E1F1668D6E50070D82F /* tableViewTarget1.png */,
				17BA7E201668D6E50070D82F /* tableViewTarget1@2x.png */,
				17BA7E211668D6E50070D82F /* tableViewTarget2.png */,
				17BA7E221668D6E50070D82F /* tableViewTarget2@2x.png */,
			);
			path = p2_tableView;
			sourceTree = "<group>";
		};
		17BA7E241668D6E50070D82F /* p3_fakePic */ = {
			isa = PBXGroup;
			children = (
				17BA7E251668D6E50070D82F /* Content3.png */,
				17BA7E261668D6E50070D82F /* Content3@2x.png */,
			);
			path = p3_fakePic;
			sourceTree = "<group>";
		};
		17BA7E271668D6E50070D82F /* p4_ui */ = {
			isa = PBXGroup;
			children = (
				17BA7E281668D6E50070D82F /* clearBtn.png */,
				17BA7E291668D6E50070D82F /* clearBtn@2x 2.png */,
				17BA7E2A1668D6E50070D82F /* clearBtn@2x.png */,
				17BA7E2B1668D6E50070D82F /* clearBtn_includeTxt.png */,
				17BA7E2C1668D6E50070D82F /* clearBtn_includeTxt@2x 2.png */,
				17BA7E2D1668D6E50070D82F /* clearBtn_includeTxt@2x.png */,
				17BA7E2E1668D6E50070D82F /* switch */,
			);
			path = p4_ui;
			sourceTree = "<group>";
		};
		17BA7E2E1668D6E50070D82F /* switch */ = {
			isa = PBXGroup;
			children = (
				17BA7E2F1668D6E50070D82F /* detail_Sep_UI */,
				17BA7E3C1668D6E50070D82F /* switchUI_1.png */,
				17BA7E3D1668D6E50070D82F /* switchUI_1@2x.png */,
				17BA7E3E1668D6E50070D82F /* switchUI_2.png */,
				17BA7E3F1668D6E50070D82F /* switchUI_2@2x.png */,
			);
			path = switch;
			sourceTree = "<group>";
		};
		17BA7E2F1668D6E50070D82F /* detail_Sep_UI */ = {
			isa = PBXGroup;
			children = (
				17BA7E301668D6E50070D82F /* none.png */,
				17BA7E311668D6E50070D82F /* none@2x.png */,
				17BA7E321668D6E50070D82F /* switch_inside_1.png */,
				17BA7E331668D6E50070D82F /* switch_inside_1@2x.png */,
				17BA7E341668D6E50070D82F /* switch_inside_2.png */,
				17BA7E351668D6E50070D82F /* switch_inside_2@2x.png */,
				17BA7E361668D6E50070D82F /* switchButton.png */,
				17BA7E371668D6E50070D82F /* switchButton@2x.png */,
				17BA7E381668D6E50070D82F /* switchOutside.png */,
				17BA7E391668D6E50070D82F /* switchOutside@2x.png */,
				17BA7E3A1668D6E50070D82F /* yes.png */,
				17BA7E3B1668D6E50070D82F /* yes@2x.png */,
			);
			path = detail_Sep_UI;
			sourceTree = "<group>";
		};
		17BA7E401668D6E50070D82F /* TabBar */ = {
			isa = PBXGroup;
			children = (
				17BA7E411668D6E50070D82F /* b1.png */,
				17BA7E421668D6E50070D82F /* b1@2x.png */,
				17BA7E431668D6E50070D82F /* b1_click.png */,
				17BA7E441668D6E50070D82F /* b1_click@2x.png */,
				17BA7E451668D6E50070D82F /* b2.png */,
				17BA7E461668D6E50070D82F /* b2@2x.png */,
				17BA7E471668D6E50070D82F /* b2_click.png */,
				17BA7E481668D6E50070D82F /* b2_click@2x.png */,
				17BA7E491668D6E50070D82F /* b3.png */,
				17BA7E4A1668D6E50070D82F /* b3@2x.png */,
				17BA7E4B1668D6E50070D82F /* b3_click.png */,
				17BA7E4C1668D6E50070D82F /* b3_click@2x.png */,
				17BA7E4D1668D6E50070D82F /* b4.png */,
				17BA7E4E1668D6E50070D82F /* b4@2x.png */,
				17BA7E4F1668D6E50070D82F /* b4_click.png */,
				17BA7E501668D6E50070D82F /* b4_click@2x.png */,
				17BA7E511668D6E50070D82F /* blank.png */,
				17BA7E521668D6E50070D82F /* blank@2x.png */,
				17BA7E531668D6E50070D82F /* overBg_156px_wid.png */,
				17BA7E541668D6E50070D82F /* overBg_156px_wid@2x.png */,
				17BA7E551668D6E50070D82F /* tabBg.png */,
				17BA7E561668D6E50070D82F /* tabBg@2x.png */,
			);
			path = TabBar;
			sourceTree = "<group>";
		};
		17C39C2B1668A9CB0065B83B /* DataController */ = {
			isa = PBXGroup;
			children = (
				17C39C2D1668AA0D0065B83B /* DonchManager.h */,
				17C39C2E1668AA0D0065B83B /* DonchManager.m */,
			);
			name = DataController;
			sourceTree = "<group>";
		};
		17C39C301668AA140065B83B /* DataModel */ = {
			isa = PBXGroup;
			children = (
				17C39C311668AA1D0065B83B /* Yoga.h */,
				17C39C321668AA1D0065B83B /* Yoga.m */,
			);
			name = DataModel;
			sourceTree = "<group>";
		};
		DD9B40D0166891B300180646 = {
			isa = PBXGroup;
			children = (
				DD9B40E5166891B300180646 /* Donch */,
				DD9B40DE166891B300180646 /* Frameworks */,
				DD9B40DC166891B300180646 /* Products */,
			);
			sourceTree = "<group>";
		};
		DD9B40DC166891B300180646 /* Products */ = {
			isa = PBXGroup;
			children = (
				DD9B40DB166891B300180646 /* Donch.app */,
			);
			name = Products;
			sourceTree = "<group>";
		};
		DD9B40DE166891B300180646 /* Frameworks */ = {
			isa = PBXGroup;
			children = (
				DD9B40DF166891B300180646 /* UIKit.framework */,
				DD9B40E1166891B300180646 /* Foundation.framework */,
				DD9B40E3166891B300180646 /* CoreGraphics.framework */,
			);
			name = Frameworks;
			sourceTree = "<group>";
		};
		DD9B40E5166891B300180646 /* Donch */ = {
			isa = PBXGroup;
			children = (
				17C39C301668AA140065B83B /* DataModel */,
				17C39C2B1668A9CB0065B83B /* DataController */,
				DDC8AF651668B81500EFEC5F /* ViewControllers */,
				DD9B411A1668988700180646 /* CustomizedUI */,
				DD9B40EE166891B300180646 /* AppDelegate.h */,
				DD9B40EF166891B300180646 /* AppDelegate.m */,
				DD9B40F7166891B300180646 /* MainStoryboard.storyboard */,
				DD9B40E6166891B300180646 /* Supporting Files */,
			);
			path = Donch;
			sourceTree = "<group>";
		};
		DD9B40E6166891B300180646 /* Supporting Files */ = {
			isa = PBXGroup;
			children = (
				17BA7DED1668D6E50070D82F /* Art */,
				17C39C441668ADBC0065B83B /* config.json */,
				DD9B40E7166891B300180646 /* Donch-Info.plist */,
				DD9B40E8166891B300180646 /* InfoPlist.strings */,
				DD9B40EB166891B300180646 /* main.m */,
				DD9B40ED166891B300180646 /* Donch-Prefix.pch */,
				DD9B40F1166891B300180646 /* Default.png */,
				DD9B40F3166891B300180646 /* Default@2x.png */,
				DD9B40F5166891B300180646 /* Default-568h@2x.png */,
			);
			name = "Supporting Files";
			sourceTree = "<group>";
		};
		DD9B411A1668988700180646 /* CustomizedUI */ = {
			isa = PBXGroup;
			children = (
				DD9B41171668987F00180646 /* DCCustomNavBar.h */,
				DD9B41181668987F00180646 /* DCCustomNavBar.m */,
				DD9B41441668A1A400180646 /* DCHomeTabBarController.h */,
				DD9B41451668A1A400180646 /* DCHomeTabBarController.m */,
				17C39C5A1668BF6A0065B83B /* DCCustomAlert.h */,
				17C39C5B1668BF6A0065B83B /* DCCustomAlert.m */,
			);
			name = CustomizedUI;
			sourceTree = "<group>";
		};
		DDC8AF651668B81500EFEC5F /* ViewControllers */ = {
			isa = PBXGroup;
			children = (
				DDC8AF661668B85000EFEC5F /* ExerciseViewController.h */,
				DDC8AF671668B85000EFEC5F /* ExerciseViewController.m */,
				DDC8AF691668B87A00EFEC5F /* GoalViewController.h */,
				DDC8AF6A1668B87A00EFEC5F /* GoalViewController.m */,
				DDC8AF6C1668B8CA00EFEC5F /* RecordViewController.h */,
				DDC8AF6D1668B8CA00EFEC5F /* RecordViewController.m */,
				DDC8AF6F1668B8D400EFEC5F /* SettingsViewController.h */,
				DDC8AF701668B8D400EFEC5F /* SettingsViewController.m */,
			);
			name = ViewControllers;
			sourceTree = "<group>";
		};
/* End PBXGroup section */

/* Begin PBXNativeTarget section */
		DD9B40DA166891B300180646 /* Donch */ = {
			isa = PBXNativeTarget;
			buildConfigurationList = DD9B410A166891B300180646 /* Build configuration list for PBXNativeTarget "Donch" */;
			buildPhases = (
				DD9B40D7166891B300180646 /* Sources */,
				DD9B40D8166891B300180646 /* Frameworks */,
				DD9B40D9166891B300180646 /* Resources */,
			);
			buildRules = (
			);
			dependencies = (
			);
			name = Donch;
			productName = Donch;
			productReference = DD9B40DB166891B300180646 /* Donch.app */;
			productType = "com.apple.product-type.application";
		};
/* End PBXNativeTarget section */

/* Begin PBXProject section */
		DD9B40D2166891B300180646 /* Project object */ = {
			isa = PBXProject;
			attributes = {
				LastUpgradeCheck = 0450;
			};
			buildConfigurationList = DD9B40D5166891B300180646 /* Build configuration list for PBXProject "Donch" */;
			compatibilityVersion = "Xcode 3.2";
			developmentRegion = English;
			hasScannedForEncodings = 0;
			knownRegions = (
				en,
			);
			mainGroup = DD9B40D0166891B300180646;
			productRefGroup = DD9B40DC166891B300180646 /* Products */;
			projectDirPath = "";
			projectRoot = "";
			targets = (
				DD9B40DA166891B300180646 /* Donch */,
			);
		};
/* End PBXProject section */

/* Begin PBXResourcesBuildPhase section */
		DD9B40D9166891B300180646 /* Resources */ = {
			isa = PBXResourcesBuildPhase;
			buildActionMask = 2147483647;
			files = (
				DD9B40EA166891B300180646 /* InfoPlist.strings in Resources */,
				DD9B40F2166891B300180646 /* Default.png in Resources */,
				DD9B40F4166891B300180646 /* Default@2x.png in Resources */,
				DD9B40F6166891B300180646 /* Default-568h@2x.png in Resources */,
				DD9B40F9166891B300180646 /* MainStoryboard.storyboard in Resources */,
				17C39C451668ADBC0065B83B /* config.json in Resources */,
				17BA7E571668D6E50070D82F /* bg.png in Resources */,
				17BA7E581668D6E50070D82F /* bg@2x.png in Resources */,
				17BA7E591668D6E50070D82F /* countBg.png in Resources */,
				17BA7E5A1668D6E50070D82F /* countBg@2x.png in Resources */,
				17BA7E5B1668D6E50070D82F /* navBar.png in Resources */,
				17BA7E5C1668D6E50070D82F /* navBar@2x.png in Resources */,
				17BA7E5D1668D6E50070D82F /* naviBg.png in Resources */,
				17BA7E5E1668D6E50070D82F /* naviBg@2x.png in Resources */,
				17BA7E5F1668D6E50070D82F /* naviIcon.png in Resources */,
				17BA7E601668D6E50070D82F /* naviIcon@2x.png in Resources */,
				17BA7E611668D6E50070D82F /* Are_you_ready.png in Resources */,
				17BA7E621668D6E50070D82F /* Are_you_ready@2x.png in Resources */,
				17BA7E631668D6E50070D82F /* btn.png in Resources */,
				17BA7E641668D6E50070D82F /* btn@2x.png in Resources */,
				17BA7E651668D6E50070D82F /* btn_hard.png in Resources */,
				17BA7E661668D6E50070D82F /* btn_hard@2x.png in Resources */,
				17BA7E671668D6E50070D82F /* btn_ok.png in Resources */,
				17BA7E681668D6E50070D82F /* btn_ok@2x.png in Resources */,
				17BA7E691668D6E50070D82F /* btn_start.png in Resources */,
				17BA7E6A1668D6E50070D82F /* btn_start@2x.png in Resources */,
				17BA7E6B1668D6E50070D82F /* dia_bg.png in Resources */,
				17BA7E6C1668D6E50070D82F /* dia_bg@2x.png in Resources */,
				17BA7E6D1668D6E50070D82F /* hard.png in Resources */,
				17BA7E6E1668D6E50070D82F /* hard@2x.png in Resources */,
				17BA7E6F1668D6E50070D82F /* Is_this_ok.png in Resources */,
				17BA7E701668D6E50070D82F /* Is_this_ok@2x.png in Resources */,
				17BA7E711668D6E50070D82F /* OK.png in Resources */,
				17BA7E721668D6E50070D82F /* OK@2x.png in Resources */,
				17BA7E731668D6E50070D82F /* start.png in Resources */,
				17BA7E741668D6E50070D82F /* start@2x.png in Resources */,
				17BA7E751668D6E50070D82F /* model1.png in Resources */,
				17BA7E761668D6E50070D82F /* model1@2x.png in Resources */,
				17BA7E771668D6E50070D82F /* model2.png in Resources */,
				17BA7E781668D6E50070D82F /* model2@2x.png in Resources */,
				17BA7E791668D6E50070D82F /* model3.png in Resources */,
				17BA7E7A1668D6E50070D82F /* model3@2x.png in Resources */,
				17BA7E7B1668D6E50070D82F /* model4.png in Resources */,
				17BA7E7C1668D6E50070D82F /* model4@2x.png in Resources */,
				17BA7E7D1668D6E50070D82F /* model5.png in Resources */,
				17BA7E7E1668D6E50070D82F /* model5@2x.png in Resources */,
				17BA7E7F1668D6E50070D82F /* tableViewBg@2x.png in Resources */,
				17BA7E801668D6E50070D82F /* tableViewItem.png in Resources */,
				17BA7E811668D6E50070D82F /* tableViewItem2.png in Resources */,
				17BA7E821668D6E50070D82F /* tableViewItem2@2x.png in Resources */,
				17BA7E831668D6E50070D82F /* tableViewItem@2x.png in Resources */,
				17BA7E841668D6E50070D82F /* tableViewTarget1.png in Resources */,
				17BA7E851668D6E50070D82F /* tableViewTarget1@2x.png in Resources */,
				17BA7E861668D6E50070D82F /* tableViewTarget2.png in Resources */,
				17BA7E871668D6E50070D82F /* tableViewTarget2@2x.png in Resources */,
				17BA7E891668D6E50070D82F /* Content3.png in Resources */,
				17BA7E8A1668D6E50070D82F /* Content3@2x.png in Resources */,
				17BA7E8B1668D6E50070D82F /* clearBtn.png in Resources */,
				17BA7E8C1668D6E50070D82F /* clearBtn@2x 2.png in Resources */,
				17BA7E8D1668D6E50070D82F /* clearBtn@2x.png in Resources */,
				17BA7E8E1668D6E50070D82F /* clearBtn_includeTxt.png in Resources */,
				17BA7E8F1668D6E50070D82F /* clearBtn_includeTxt@2x 2.png in Resources */,
				17BA7E901668D6E50070D82F /* clearBtn_includeTxt@2x.png in Resources */,
				17BA7E911668D6E50070D82F /* none.png in Resources */,
				17BA7E921668D6E50070D82F /* none@2x.png in Resources */,
				17BA7E931668D6E50070D82F /* switch_inside_1.png in Resources */,
				17BA7E941668D6E50070D82F /* switch_inside_1@2x.png in Resources */,
				17BA7E951668D6E50070D82F /* switch_inside_2.png in Resources */,
				17BA7E961668D6E50070D82F /* switch_inside_2@2x.png in Resources */,
				17BA7E971668D6E50070D82F /* switchButton.png in Resources */,
				17BA7E981668D6E50070D82F /* switchButton@2x.png in Resources */,
				17BA7E991668D6E50070D82F /* switchOutside.png in Resources */,
				17BA7E9A1668D6E50070D82F /* switchOutside@2x.png in Resources */,
				17BA7E9B1668D6E50070D82F /* yes.png in Resources */,
				17BA7E9C1668D6E50070D82F /* yes@2x.png in Resources */,
				17BA7E9D1668D6E50070D82F /* switchUI_1.png in Resources */,
				17BA7E9E1668D6E50070D82F /* switchUI_1@2x.png in Resources */,
				17BA7E9F1668D6E50070D82F /* switchUI_2.png in Resources */,
				17BA7EA01668D6E50070D82F /* switchUI_2@2x.png in Resources */,
				17BA7EA11668D6E50070D82F /* b1.png in Resources */,
				17BA7EA21668D6E50070D82F /* b1@2x.png in Resources */,
				17BA7EA31668D6E50070D82F /* b1_click.png in Resources */,
				17BA7EA41668D6E50070D82F /* b1_click@2x.png in Resources */,
				17BA7EA51668D6E50070D82F /* b2.png in Resources */,
				17BA7EA61668D6E50070D82F /* b2@2x.png in Resources */,
				17BA7EA71668D6E50070D82F /* b2_click.png in Resources */,
				17BA7EA81668D6E50070D82F /* b2_click@2x.png in Resources */,
				17BA7EA91668D6E50070D82F /* b3.png in Resources */,
				17BA7EAA1668D6E50070D82F /* b3@2x.png in Resources */,
				17BA7EAB1668D6E50070D82F /* b3_click.png in Resources */,
				17BA7EAC1668D6E50070D82F /* b3_click@2x.png in Resources */,
				17BA7EAD1668D6E50070D82F /* b4.png in Resources */,
				17BA7EAE1668D6E50070D82F /* b4@2x.png in Resources */,
				17BA7EAF1668D6E50070D82F /* b4_click.png in Resources */,
				17BA7EB01668D6E50070D82F /* b4_click@2x.png in Resources */,
				17BA7EB11668D6E50070D82F /* blank.png in Resources */,
				17BA7EB21668D6E50070D82F /* blank@2x.png in Resources */,
				17BA7EB31668D6E50070D82F /* overBg_156px_wid.png in Resources */,
				17BA7EB41668D6E50070D82F /* overBg_156px_wid@2x.png in Resources */,
				17BA7EB51668D6E50070D82F /* tabBg.png in Resources */,
				17BA7EB61668D6E50070D82F /* tabBg@2x.png in Resources */,
				177D36471668E71A0022AE47 /* tableViewBg.png in Resources */,
			);
			runOnlyForDeploymentPostprocessing = 0;
		};
/* End PBXResourcesBuildPhase section */

/* Begin PBXSourcesBuildPhase section */
		DD9B40D7166891B300180646 /* Sources */ = {
			isa = PBXSourcesBuildPhase;
			buildActionMask = 2147483647;
			files = (
				DD9B40EC166891B300180646 /* main.m in Sources */,
				DD9B40F0166891B300180646 /* AppDelegate.m in Sources */,
				DD9B41191668987F00180646 /* DCCustomNavBar.m in Sources */,
				DD9B41461668A1A400180646 /* DCHomeTabBarController.m in Sources */,
				17C39C2F1668AA0D0065B83B /* DonchManager.m in Sources */,
				17C39C331668AA1D0065B83B /* Yoga.m in Sources */,
				DDC8AF681668B85000EFEC5F /* ExerciseViewController.m in Sources */,
				DDC8AF6B1668B87A00EFEC5F /* GoalViewController.m in Sources */,
				DDC8AF6E1668B8CA00EFEC5F /* RecordViewController.m in Sources */,
				DDC8AF711668B8D500EFEC5F /* SettingsViewController.m in Sources */,
				17C39C5C1668BF6A0065B83B /* DCCustomAlert.m in Sources */,
			);
			runOnlyForDeploymentPostprocessing = 0;
		};
/* End PBXSourcesBuildPhase section */

/* Begin PBXVariantGroup section */
		DD9B40E8166891B300180646 /* InfoPlist.strings */ = {
			isa = PBXVariantGroup;
			children = (
				DD9B40E9166891B300180646 /* en */,
			);
			name = InfoPlist.strings;
			sourceTree = "<group>";
		};
		DD9B40F7166891B300180646 /* MainStoryboard.storyboard */ = {
			isa = PBXVariantGroup;
			children = (
				DD9B40F8166891B300180646 /* en */,
			);
			name = MainStoryboard.storyboard;
			sourceTree = "<group>";
		};
/* End PBXVariantGroup section */

/* Begin XCBuildConfiguration section */
		DD9B4108166891B300180646 /* Debug */ = {
			isa = XCBuildConfiguration;
			buildSettings = {
				ALWAYS_SEARCH_USER_PATHS = NO;
				CLANG_CXX_LANGUAGE_STANDARD = "gnu++0x";
				CLANG_CXX_LIBRARY = "libc++";
				CLANG_ENABLE_OBJC_ARC = YES;
				CLANG_WARN_EMPTY_BODY = YES;
				CLANG_WARN__DUPLICATE_METHOD_MATCH = YES;
				"CODE_SIGN_IDENTITY[sdk=iphoneos*]" = "iPhone Developer";
				COPY_PHASE_STRIP = NO;
				GCC_C_LANGUAGE_STANDARD = gnu99;
				GCC_DYNAMIC_NO_PIC = NO;
				GCC_OPTIMIZATION_LEVEL = 0;
				GCC_PREPROCESSOR_DEFINITIONS = (
					"DEBUG=1",
					"$(inherited)",
				);
				GCC_SYMBOLS_PRIVATE_EXTERN = NO;
				GCC_WARN_ABOUT_RETURN_TYPE = YES;
				GCC_WARN_UNINITIALIZED_AUTOS = YES;
				GCC_WARN_UNUSED_VARIABLE = YES;
				IPHONEOS_DEPLOYMENT_TARGET = 6.0;
				ONLY_ACTIVE_ARCH = YES;
				SDKROOT = iphoneos;
			};
			name = Debug;
		};
		DD9B4109166891B300180646 /* Release */ = {
			isa = XCBuildConfiguration;
			buildSettings = {
				ALWAYS_SEARCH_USER_PATHS = NO;
				CLANG_CXX_LANGUAGE_STANDARD = "gnu++0x";
				CLANG_CXX_LIBRARY = "libc++";
				CLANG_ENABLE_OBJC_ARC = YES;
				CLANG_WARN_EMPTY_BODY = YES;
				CLANG_WARN__DUPLICATE_METHOD_MATCH = YES;
				"CODE_SIGN_IDENTITY[sdk=iphoneos*]" = "iPhone Developer";
				COPY_PHASE_STRIP = YES;
				GCC_C_LANGUAGE_STANDARD = gnu99;
				GCC_WARN_ABOUT_RETURN_TYPE = YES;
				GCC_WARN_UNINITIALIZED_AUTOS = YES;
				GCC_WARN_UNUSED_VARIABLE = YES;
				IPHONEOS_DEPLOYMENT_TARGET = 6.0;
				OTHER_CFLAGS = "-DNS_BLOCK_ASSERTIONS=1";
				SDKROOT = iphoneos;
				VALIDATE_PRODUCT = YES;
			};
			name = Release;
		};
		DD9B410B166891B300180646 /* Debug */ = {
			isa = XCBuildConfiguration;
			buildSettings = {
				CODE_SIGN_IDENTITY = "iPhone Developer: Wu Yen-Han (LHDC74USH6)";
				GCC_PRECOMPILE_PREFIX_HEADER = YES;
				GCC_PREFIX_HEADER = "Donch/Donch-Prefix.pch";
				INFOPLIST_FILE = "Donch/Donch-Info.plist";
				PRODUCT_NAME = "$(TARGET_NAME)";
				PROVISIONING_PROFILE = "43F3A54E-B794-45E9-9074-289829786E23";
				WRAPPER_EXTENSION = app;
			};
			name = Debug;
		};
		DD9B410C166891B300180646 /* Release */ = {
			isa = XCBuildConfiguration;
			buildSettings = {
				GCC_PRECOMPILE_PREFIX_HEADER = YES;
				GCC_PREFIX_HEADER = "Donch/Donch-Prefix.pch";
				INFOPLIST_FILE = "Donch/Donch-Info.plist";
				PRODUCT_NAME = "$(TARGET_NAME)";
				WRAPPER_EXTENSION = app;
			};
			name = Release;
		};
/* End XCBuildConfiguration section */

/* Begin XCConfigurationList section */
		DD9B40D5166891B300180646 /* Build configuration list for PBXProject "Donch" */ = {
			isa = XCConfigurationList;
			buildConfigurations = (
				DD9B4108166891B300180646 /* Debug */,
				DD9B4109166891B300180646 /* Release */,
			);
			defaultConfigurationIsVisible = 0;
			defaultConfigurationName = Release;
		};
		DD9B410A166891B300180646 /* Build configuration list for PBXNativeTarget "Donch" */ = {
			isa = XCConfigurationList;
			buildConfigurations = (
				DD9B410B166891B300180646 /* Debug */,
				DD9B410C166891B300180646 /* Release */,
			);
			defaultConfigurationIsVisible = 0;
			defaultConfigurationName = Release;
		};
/* End XCConfigurationList section */
	};
	rootObject = DD9B40D2166891B300180646 /* Project object */;
}
